# THIS IS AN AUTOGENERATED FILE. DO NOT EDIT THIS FILE DIRECTLY.
# yarn lockfile v1


"@ethersproject/bignumber@^5.6.0":
  version "5.6.0"
  resolved "https://registry.yarnpkg.com/@ethersproject/bignumber/-/bignumber-5.6.0.tgz#116c81b075c57fa765a8f3822648cf718a8a0e26"
  integrity sha512-VziMaXIUHQlHJmkv1dlcd6GY2PmT0khtAqaMctCIDogxkrarMzA9L94KN1NeXqqOfFD6r0sJT3vCTOFSmZ07DA==
  dependencies:
    "@ethersproject/bytes" "^5.6.0"
    "@ethersproject/logger" "^5.6.0"
    bn.js "^4.11.9"

"@ethersproject/bytes@^5.6.0", "@ethersproject/bytes@^5.6.1":
  version "5.6.1"
  resolved "https://registry.yarnpkg.com/@ethersproject/bytes/-/bytes-5.6.1.tgz#24f916e411f82a8a60412344bf4a813b917eefe7"
  integrity sha512-NwQt7cKn5+ZE4uDn+X5RAXLp46E1chXoaMmrxAyA0rblpxz8t58lVkrHXoRIn0lz1joQElQ8410GqhTqMOwc6g==
  dependencies:
    "@ethersproject/logger" "^5.6.0"

"@ethersproject/keccak256@^5.6.1":
  version "5.6.1"
  resolved "https://registry.yarnpkg.com/@ethersproject/keccak256/-/keccak256-5.6.1.tgz#b867167c9b50ba1b1a92bccdd4f2d6bd168a91cc"
  integrity sha512-bB7DQHCTRDooZZdL3lk9wpL0+XuG3XLGHLh3cePnybsO3V0rdCAOQGpn/0R3aODmnTOOkCATJiD2hnL+5bwthA==
  dependencies:
    "@ethersproject/bytes" "^5.6.1"
    js-sha3 "0.8.0"

"@ethersproject/logger@^5.6.0":
  version "5.6.0"
  resolved "https://registry.yarnpkg.com/@ethersproject/logger/-/logger-5.6.0.tgz#d7db1bfcc22fd2e4ab574cba0bb6ad779a9a3e7a"
  integrity sha512-BiBWllUROH9w+P21RzoxJKzqoqpkyM1pRnEKG69bulE9TSQD8SAIvTQqIMZmmCO8pUNkgLP1wndX1gKghSpBmg==

"@ethersproject/random@^5.6.0":
  version "5.6.0"
  resolved "https://registry.yarnpkg.com/@ethersproject/random/-/random-5.6.0.tgz#1505d1ab6a250e0ee92f436850fa3314b2cb5ae6"
  integrity sha512-si0PLcLjq+NG/XHSZz90asNf+YfKEqJGVdxoEkSukzbnBgC8rydbgbUgBbBGLeHN4kAJwUFEKsu3sCXT93YMsw==
  dependencies:
    "@ethersproject/bytes" "^5.6.0"
    "@ethersproject/logger" "^5.6.0"

"@iden3/bigarray@0.0.2":
  version "0.0.2"
  resolved "https://registry.yarnpkg.com/@iden3/bigarray/-/bigarray-0.0.2.tgz#6fc4ba5be18daf8a26ee393f2fb62b80d98c05e9"
  integrity sha512-Xzdyxqm1bOFF6pdIsiHLLl3HkSLjbhqJHVyqaTxXt3RqXBEnmsUmEW47H7VOi/ak7TdkRpNkxjyK5Zbkm+y52g==

"@iden3/binfileutils@0.0.11":
  version "0.0.11"
  resolved "https://registry.yarnpkg.com/@iden3/binfileutils/-/binfileutils-0.0.11.tgz#9ffbbcc1279f2b2182bb6dcff4eee8a5b2167911"
  integrity sha512-LylnJoZ0CTdgErnKY8OxohvW4K+p6UHD3sxt+3P9AmMyBQjYR4IpoqoYZZ+9aMj89cmCQ21UvdhndAx04er3NA==
  dependencies:
    fastfile "0.0.20"
    ffjavascript "^0.2.48"

ansi-styles@^4.1.0:
  version "4.3.0"
  resolved "https://registry.yarnpkg.com/ansi-styles/-/ansi-styles-4.3.0.tgz#edd803628ae71c04c85ae7a0906edad34b648937"
  integrity sha512-zbB9rCJAT1rbjiVDb2hqKFHNYLxgtk8NURxZ3IZwD3F6NtxbXZQCnnSi1Lkx+IDohdPlFp222wVALIheZJQSEg==
  dependencies:
    color-convert "^2.0.1"

async@0.9.x:
  version "0.9.2"
  resolved "https://registry.yarnpkg.com/async/-/async-0.9.2.tgz#aea74d5e61c1f899613bf64bda66d4c78f2fd17d"
  integrity sha1-rqdNXmHB+JlhO/ZL2mbUx48v0X0=

b4a@^1.0.1:
  version "1.3.1"
  resolved "https://registry.yarnpkg.com/b4a/-/b4a-1.3.1.tgz#5ead1402bd4a2dcfea35cc83928815d53315ff32"
  integrity sha512-ULHjbJGjZcdA5bugDNAAcMA6GWXX/9N10I6AQc14TH+Sr7bMfT+NHuJnOFGPJWLtzYa6Tz+PnFD2D/1bISLLZQ==

balanced-match@^1.0.0:
  version "1.0.2"
  resolved "https://registry.yarnpkg.com/balanced-match/-/balanced-match-1.0.2.tgz#e83e3a7e3f300b34cb9d87f615fa0cbf357690ee"
  integrity sha512-3oSeUO0TMV67hN1AmbXsK4yaqU7tjiHlbxRDZOpH0KW9+CeX4bRAaX0Anxt0tx2MrpRpWwQaPwIlISEJhYU5Pw==

big-integer@^1.6.42, big-integer@^1.6.48:
  version "1.6.51"
  resolved "https://registry.yarnpkg.com/big-integer/-/big-integer-1.6.51.tgz#0df92a5d9880560d3ff2d5fd20245c889d130686"
  integrity sha512-GPEid2Y9QU1Exl1rpO9B2IPJGHPSupF5GnVIP0blYvNOMer2bTvSWs1jGOUg04hTmu67nmLsQ9TBo1puaotBHg==

blake2b-wasm@^2.4.0:
  version "2.4.0"
  resolved "https://registry.yarnpkg.com/blake2b-wasm/-/blake2b-wasm-2.4.0.tgz#9115649111edbbd87eb24ce7c04b427e4e2be5be"
  integrity sha512-S1kwmW2ZhZFFFOghcx73+ZajEfKBqhP82JMssxtLVMxlaPea1p9uoLiUZ5WYyHn0KddwbLc+0vh4wR0KBNoT5w==
  dependencies:
    b4a "^1.0.1"
    nanoassert "^2.0.0"

blakejs@^1.1.0:
  version "1.2.1"
  resolved "https://registry.yarnpkg.com/blakejs/-/blakejs-1.2.1.tgz#5057e4206eadb4a97f7c0b6e197a505042fc3814"
  integrity sha512-QXUSXI3QVc/gJME0dBpXrag1kbzOqCjCX8/b54ntNyW6sjtoqxqRk3LTmXzaJoh71zMsDCjM+47jS7XiwN/+fQ==

bn.js@^4.11.9:
  version "4.12.0"
  resolved "https://registry.yarnpkg.com/bn.js/-/bn.js-4.12.0.tgz#775b3f278efbb9718eec7361f483fb36fbbfea88"
  integrity sha512-c98Bf3tPniI+scsdk237ku1Dc3ujXQTSgyiPUDEOe7tRkhrqridvh8klBv0HCEso1OLOYcHuCv/cS6DNxKH+ZA==

brace-expansion@^1.1.7:
  version "1.1.11"
  resolved "https://registry.yarnpkg.com/brace-expansion/-/brace-expansion-1.1.11.tgz#3c7fcbf529d87226f3d2f52b966ff5271eb441dd"
  integrity sha512-iCuPHDFgrHX7H2vEI/5xpz07zSHB00TpugqhmYtVmMO6518mCuRMoOYFldEBl0g187ufozdaHgWKcYFb61qGiA==
  dependencies:
    balanced-match "^1.0.0"
    concat-map "0.0.1"

chalk@^4.0.2:
  version "4.1.2"
  resolved "https://registry.yarnpkg.com/chalk/-/chalk-4.1.2.tgz#aac4e2b7734a740867aeb16bf02aad556a1e7a01"
  integrity sha512-oKnbhFyRIXpUuez8iBMmyEa4nbj4IOQyuhc/wy9kY7/WVPcwIO9VA668Pu8RkO7+0G76SLROeyw9CpQ061i4mA==
  dependencies:
    ansi-styles "^4.1.0"
    supports-color "^7.1.0"

circom_runtime@0.1.18:
  version "0.1.18"
  resolved "https://registry.yarnpkg.com/circom_runtime/-/circom_runtime-0.1.18.tgz#6b4d7b4b869dc67750be55e16ca506b708dcacb0"
  integrity sha512-j6k+Jg1DXCYFVgjDRbJDmkAJ9E17js8h1iR7F1UX0IUr5v8NXeOXkfRh9+/73JqSgXb3Eo166a4JHdA/CeoEeA==
  dependencies:
    ffjavascript "0.2.55"

color-convert@^2.0.1:
  version "2.0.1"
  resolved "https://registry.yarnpkg.com/color-convert/-/color-convert-2.0.1.tgz#72d3a68d598c9bdb3af2ad1e84f21d896abd4de3"
  integrity sha512-RRECPsj7iu/xb5oKYcsFHSppFNnsj/52OVTRKb4zP5onXwVF3zVmmToNcOfGC+CRDpfK/U584fMg38ZHCaElKQ==
  dependencies:
    color-name "~1.1.4"

color-name@~1.1.4:
  version "1.1.4"
  resolved "https://registry.yarnpkg.com/color-name/-/color-name-1.1.4.tgz#c2a09a87acbde69543de6f63fa3995c826c536a2"
  integrity sha512-dOy+3AuW3a2wNbZHIuMZpTcgjGuLU/uBL/ubcZF9OXbDo8ff4O8yVp5Bf0efS8uEoYo5q4Fx7dY9OgQGXgAsQA==

concat-map@0.0.1:
  version "0.0.1"
  resolved "https://registry.yarnpkg.com/concat-map/-/concat-map-0.0.1.tgz#d8a96bd77fd68df7793a73036a3ba0d5405d477b"
  integrity sha1-2Klr13/Wjfd5OnMDajug1UBdR3s=

ejs@^3.1.6:
  version "3.1.6"
  resolved "https://registry.yarnpkg.com/ejs/-/ejs-3.1.6.tgz#5bfd0a0689743bb5268b3550cceeebbc1702822a"
  integrity sha512-9lt9Zse4hPucPkoP7FHDF0LQAlGyF9JVpnClFLFH3aSSbxmyoqINRpp/9wePWJTUl4KOQwRL72Iw3InHPDkoGw==
  dependencies:
    jake "^10.6.1"

fastfile@0.0.20:
  version "0.0.20"
  resolved "https://registry.yarnpkg.com/fastfile/-/fastfile-0.0.20.tgz#794a143d58cfda2e24c298e5ef619c748c8a1879"
  integrity sha512-r5ZDbgImvVWCP0lA/cGNgQcZqR+aYdFx3u+CtJqUE510pBUVGMn4ulL/iRTI4tACTYsNJ736uzFxEBXesPAktA==

ffjavascript@0.2.55, ffjavascript@^0.2.48, ffjavascript@^0.2.55:
  version "0.2.55"
  resolved "https://registry.yarnpkg.com/ffjavascript/-/ffjavascript-0.2.55.tgz#fb4bc53265501526a2916d6a20bbbc06d113d7be"
  integrity sha512-8X0FCIPOWiK6DTWh3pnE3O6D6nIQsirStAXpWMzRDnoDX7SEnDX4I28aVhwjL7L35XS1vy2AU7zc0UCGYxdLjw==
  dependencies:
    big-integer "^1.6.48"
    wasmbuilder "^0.0.12"
    wasmcurves "0.1.0"
    web-worker "^1.2.0"

filelist@^1.0.1:
  version "1.0.2"
  resolved "https://registry.yarnpkg.com/filelist/-/filelist-1.0.2.tgz#80202f21462d4d1c2e214119b1807c1bc0380e5b"
  integrity sha512-z7O0IS8Plc39rTCq6i6iHxk43duYOn8uFJiWSewIq0Bww1RNybVHSCjahmcC87ZqAm4OTvFzlzeGu3XAzG1ctQ==
  dependencies:
    minimatch "^3.0.4"

fixed-merkle-tree@^0.7.3:
  version "0.7.3"
  resolved "https://registry.yarnpkg.com/fixed-merkle-tree/-/fixed-merkle-tree-0.7.3.tgz#e8993628bc43894dfae3cb7e2a847f45c63e8678"
  integrity sha512-b50ZBpDfp/Nru120IdeS0IyqbVjOien1OSdWMDdcxS9uVHLV668xndNkEnn9t1WFOvc5aw1owl6l4N8mP5mkKg==

has-flag@^4.0.0:
  version "4.0.0"
  resolved "https://registry.yarnpkg.com/has-flag/-/has-flag-4.0.0.tgz#944771fd9c81c81265c4d6941860da06bb59479b"
  integrity sha512-EykJT/Q1KjTWctppgIAgfSO0tKVuZUjhgMr17kqTumMl6Afv3EISleU7qZUzoXDFTAHTDC4NOoG/ZxU3EvlMPQ==

jake@^10.6.1:
  version "10.8.4"
  resolved "https://registry.yarnpkg.com/jake/-/jake-10.8.4.tgz#f6a8b7bf90c6306f768aa82bb7b98bf4ca15e84a"
  integrity sha512-MtWeTkl1qGsWUtbl/Jsca/8xSoK3x0UmS82sNbjqxxG/de/M/3b1DntdjHgPMC50enlTNwXOCRqPXLLt5cCfZA==
  dependencies:
    async "0.9.x"
    chalk "^4.0.2"
    filelist "^1.0.1"
    minimatch "^3.0.4"

js-sha3@0.8.0, js-sha3@^0.8.0:
  version "0.8.0"
  resolved "https://registry.yarnpkg.com/js-sha3/-/js-sha3-0.8.0.tgz#b9b7a5da73afad7dedd0f8c463954cbde6818840"
  integrity sha512-gF1cRrHhIzNfToc802P800N8PpXS+evLLXfsVpowqmAFR9uwbi89WvXg2QspOmXL8QL86J4T1EpFu+yUkwJY3Q==

logplease@^1.2.15:
  version "1.2.15"
  resolved "https://registry.yarnpkg.com/logplease/-/logplease-1.2.15.tgz#3da442e93751a5992cc19010a826b08d0293c48a"
  integrity sha512-jLlHnlsPSJjpwUfcNyUxXCl33AYg2cHhIf9QhGL2T4iPT0XPB+xP1LRKFPgIg1M/sg9kAJvy94w9CzBNrfnstA==

minimatch@^3.0.4:
  version "3.1.2"
  resolved "https://registry.yarnpkg.com/minimatch/-/minimatch-3.1.2.tgz#19cd194bfd3e428f049a70817c038d89ab4be35b"
  integrity sha512-J7p63hRiAjw1NDEww1W7i37+ByIrOWO5XQQAzZ3VOcL0PNybwpfmV/N05zFAzwQ9USyEcX6t3UO+K5aqBQOIHw==
  dependencies:
    brace-expansion "^1.1.7"

nanoassert@^2.0.0:
  version "2.0.0"
  resolved "https://registry.yarnpkg.com/nanoassert/-/nanoassert-2.0.0.tgz#a05f86de6c7a51618038a620f88878ed1e490c09"
  integrity sha512-7vO7n28+aYO4J+8w96AzhmU8G+Y/xpPDJz/se19ICsqj/momRbb9mh9ZUtkoJ5X3nTnPdhEJyc0qnM6yAsHBaA==

r1csfile@0.0.36:
  version "0.0.36"
  resolved "https://registry.yarnpkg.com/r1csfile/-/r1csfile-0.0.36.tgz#978453e00066b0726c48e848ee6c308a6df7b2a4"
  integrity sha512-xC4ZGiFUGFhHonLutKsKEhxmR5janViiSvevpkZukpQNor3kFan8byKcvXNU9jkm49ffQxj5IvU8SDluOI0IQQ==
  dependencies:
    "@iden3/bigarray" "0.0.2"
    "@iden3/binfileutils" "0.0.11"
    fastfile "0.0.20"
    ffjavascript "0.2.55"

readline@^1.3.0:
  version "1.3.0"
  resolved "https://registry.yarnpkg.com/readline/-/readline-1.3.0.tgz#c580d77ef2cfc8752b132498060dc9793a7ac01c"
  integrity sha1-xYDXfvLPyHUrEySYBg3JeTp6wBw=

snarkjs@^0.4.22:
  version "0.4.22"
  resolved "https://registry.yarnpkg.com/snarkjs/-/snarkjs-0.4.22.tgz#0a519fe989794111b6f9a755ba4e86a31b6617fb"
  integrity sha512-7dCpiywU9RGfiymZYq4nMCwj6/jfWabw3z/F7FTWuzB4qDrbxAl9j73anDEVh0kzfSV1j+2B+y30fd0SXOGhDg==
  dependencies:
    "@iden3/binfileutils" "0.0.11"
    blake2b-wasm "^2.4.0"
    circom_runtime "0.1.18"
    ejs "^3.1.6"
    fastfile "0.0.20"
    ffjavascript "0.2.55"
    js-sha3 "^0.8.0"
    logplease "^1.2.15"
    r1csfile "0.0.36"
    readline "^1.3.0"

supports-color@^7.1.0:
  version "7.2.0"
  resolved "https://registry.yarnpkg.com/supports-color/-/supports-color-7.2.0.tgz#1b7dcdcb32b8138801b3e478ba6a51caa89648da"
  integrity sha512-qpCAvRl9stuOHveKsn7HncJRvv501qIacKzQlO/+Lwxc9+0q2wLyv4Dfvt80/DPn2pqOBsJdDiogXGR9+OvwRw==
  dependencies:
    has-flag "^4.0.0"

wasmbuilder@^0.0.12:
  version "0.0.12"
  resolved "https://registry.yarnpkg.com/wasmbuilder/-/wasmbuilder-0.0.12.tgz#a60cb25d6d11f314fe5ab3f4ee041ccb493cb78a"
  integrity sha512-dTMpBgrnLOXrN58i2zakn2ScynsBhq9LfyQIsPz4CyxRF9k1GAORniuqn3xmE9NnI1l7g3iiVCkoB2Cl0/oG8w==
  dependencies:
    big-integer "^1.6.48"

wasmcurves@0.1.0:
  version "0.1.0"
  resolved "https://registry.yarnpkg.com/wasmcurves/-/wasmcurves-0.1.0.tgz#0bc3f9d465367fcd8243395cb0094a05577e5609"
  integrity sha512-kIlcgbVUAv2uQ6lGsepGz/m5V40+Z6rvTBkqCYn3Y2+OcXst+UaP4filJYLh/xDxjJl62FFjZZeAnpeli1Y5/Q==
  dependencies:
    big-integer "^1.6.42"
    blakejs "^1.1.0"

web-worker@^1.2.0:
  version "1.2.0"
  resolved "https://registry.yarnpkg.com/web-worker/-/web-worker-1.2.0.tgz#5d85a04a7fbc1e7db58f66595d7a3ac7c9c180da"
  integrity sha512-PgF341avzqyx60neE9DD+XS26MMNMoUQRz9NOZwW32nPQrF6p77f1htcnjBSEV8BGMKZ16choqUG4hyI0Hx7mA==
